
Microsoft Visual Studio Solution File, Format Version 12.00
# Visual Studio Version 17
VisualStudioVersion = 17.11.35219.272
MinimumVisualStudioVersion = 10.0.40219.1
Project("{2150E333-8FDC-42A3-9474-1A3956D46DE8}") = "src", "src", "{718B8EE6-DC5A-454F-B3EE-EE4DF2C80991}"
EndProject
Project("{9A19103F-16F7-4668-BE54-9A1E7A4F7556}") = "KernelMemory.Ecommerce.Sample.Api", "src\KernelMemory.Ecommerce.Sample.Api\KernelMemory.Ecommerce.Sample.Api.csproj", "{B11F5340-0E11-4BA4-BB8F-6860B119DC74}"
EndProject
Project("{2150E333-8FDC-42A3-9474-1A3956D46DE8}") = "Solution Items", "Solution Items", "{3296B277-6B42-4E8A-9385-2B5147A951C0}"
	ProjectSection(SolutionItems) = preProject
		.editorconfig = .editorconfig
		Directory.Build.props = Directory.Build.props
	EndProjectSection
EndProject
Project("{E53339B2-1760-4266-BCC7-CA923CBCF16C}") = "docker-compose", "docker-compose.dcproj", "{D960728F-422A-474B-BC67-22D1E4E27769}"
EndProject
Project("{2150E333-8FDC-42A3-9474-1A3956D46DE8}") = "utils", "utils", "{DA1EB217-C3F2-46CD-877A-7B61D6AB9396}"
EndProject
Project("{2150E333-8FDC-42A3-9474-1A3956D46DE8}") = "dataset", "dataset", "{F2A8DE8C-9A08-4081-969C-34BB73E44C35}"
	ProjectSection(SolutionItems) = preProject
		utils\dataset\products.csv = utils\dataset\products.csv
	EndProjectSection
EndProject
Project("{2150E333-8FDC-42A3-9474-1A3956D46DE8}") = "SqlScripts", "SqlScripts", "{2DCA5E39-FA26-4EF0-8080-90564385C75E}"
	ProjectSection(SolutionItems) = preProject
		utils\SqlScripts\Init_vector_extens_db.sql = utils\SqlScripts\Init_vector_extens_db.sql
	EndProjectSection
EndProject
Global
	GlobalSection(SolutionConfigurationPlatforms) = preSolution
		Debug|Any CPU = Debug|Any CPU
		Release|Any CPU = Release|Any CPU
	EndGlobalSection
	GlobalSection(ProjectConfigurationPlatforms) = postSolution
		{B11F5340-0E11-4BA4-BB8F-6860B119DC74}.Debug|Any CPU.ActiveCfg = Debug|Any CPU
		{B11F5340-0E11-4BA4-BB8F-6860B119DC74}.Debug|Any CPU.Build.0 = Debug|Any CPU
		{B11F5340-0E11-4BA4-BB8F-6860B119DC74}.Release|Any CPU.ActiveCfg = Release|Any CPU
		{B11F5340-0E11-4BA4-BB8F-6860B119DC74}.Release|Any CPU.Build.0 = Release|Any CPU
		{D960728F-422A-474B-BC67-22D1E4E27769}.Debug|Any CPU.ActiveCfg = Debug|Any CPU
		{D960728F-422A-474B-BC67-22D1E4E27769}.Debug|Any CPU.Build.0 = Debug|Any CPU
		{D960728F-422A-474B-BC67-22D1E4E27769}.Release|Any CPU.ActiveCfg = Release|Any CPU
		{D960728F-422A-474B-BC67-22D1E4E27769}.Release|Any CPU.Build.0 = Release|Any CPU
	EndGlobalSection
	GlobalSection(SolutionProperties) = preSolution
		HideSolutionNode = FALSE
	EndGlobalSection
	GlobalSection(NestedProjects) = preSolution
		{B11F5340-0E11-4BA4-BB8F-6860B119DC74} = {718B8EE6-DC5A-454F-B3EE-EE4DF2C80991}
		{F2A8DE8C-9A08-4081-969C-34BB73E44C35} = {DA1EB217-C3F2-46CD-877A-7B61D6AB9396}
		{2DCA5E39-FA26-4EF0-8080-90564385C75E} = {DA1EB217-C3F2-46CD-877A-7B61D6AB9396}
	EndGlobalSection
	GlobalSection(ExtensibilityGlobals) = postSolution
		SolutionGuid = {550177A3-CC60-4E46-B746-8169B7C2E262}
	EndGlobalSection
EndGlobal
